
Microsoft Visual Studio Solution File, Format Version 12.00
# Visual Studio Version 17
VisualStudioVersion = 17.5.002.0
MinimumVisualStudioVersion = 10.0.40219.1
Project("{9A19103F-16F7-4668-BE54-9A1E7A4F7556}") = "ProjectJournalist", "ProjectJournalist.csproj", "{667D5B4E-530A-4C1C-9F43-010BC71FAB8F}"
EndProject
Global
	GlobalSection(SolutionConfigurationPlatforms) = preSolution
		Debug|Any CPU = Debug|Any CPU
		Release|Any CPU = Release|Any CPU
	EndGlobalSection
	GlobalSection(ProjectConfigurationPlatforms) = postSolution
		{667D5B4E-530A-4C1C-9F43-010BC71FAB8F}.Debug|Any CPU.ActiveCfg = Debug|Any CPU
		{667D5B4E-530A-4C1C-9F43-010BC71FAB8F}.Debug|Any CPU.Build.0 = Debug|Any CPU
		{667D5B4E-530A-4C1C-9F43-010BC71FAB8F}.Release|Any CPU.ActiveCfg = Release|Any CPU
		{667D5B4E-530A-4C1C-9F43-010BC71FAB8F}.Release|Any CPU.Build.0 = Release|Any CPU
	EndGlobalSection
	GlobalSection(SolutionProperties) = preSolution
		HideSolutionNode = FALSE
	EndGlobalSection
	GlobalSection(ExtensibilityGlobals) = postSolution
		SolutionGuid = {5BD790C9-18A4-454F-9870-EC378CA59015}
	EndGlobalSection
EndGlobal
